
Microsoft Visual Studio Solution File, Format Version 12.00
# Visual Studio Version 16
VisualStudioVersion = 16.0.30406.217
MinimumVisualStudioVersion = 10.0.40219.1
Project("{9A19103F-16F7-4668-BE54-9A1E7A4F7556}") = "example1", "example1\example1.csproj", "{83CA2635-2D27-4C26-91FC-28B75D00CCE5}"
EndProject
Project("{9A19103F-16F7-4668-BE54-9A1E7A4F7556}") = "example2", "example2\example2.csproj", "{BAFA7C2B-D419-46BB-B65B-B34F394FC57A}"
EndProject
Project("{FAE04EC0-301F-11D3-BF4B-00C04F79EFBC}") = "example3", "example3\example3.csproj", "{47C0458A-E3E3-4DA3-A065-80C248EE3032}"
EndProject
Project("{FAE04EC0-301F-11D3-BF4B-00C04F79EFBC}") = "example5", "example5\example5.csproj", "{4A89FFB1-258A-4F21-A933-67E74D10B070}"
EndProject
Project("{FAE04EC0-301F-11D3-BF4B-00C04F79EFBC}") = "example4", "example4\example4.csproj", "{B4DAA0DC-14D7-4E8D-8B25-E1544F968491}"
EndProject
Project("{FAE04EC0-301F-11D3-BF4B-00C04F79EFBC}") = "example6", "example6\example6.csproj", "{DDE47143-26DB-4DAC-B2E2-BD3FDE2B2A0E}"
EndProject
Project("{FAE04EC0-301F-11D3-BF4B-00C04F79EFBC}") = "example7", "example7\example7.csproj", "{2E81E3E1-1959-4CEE-A1DB-9820A2F2F72D}"
EndProject
Global
	GlobalSection(SolutionConfigurationPlatforms) = preSolution
		Debug|Any CPU = Debug|Any CPU
		Release|Any CPU = Release|Any CPU
	EndGlobalSection
	GlobalSection(ProjectConfigurationPlatforms) = postSolution
		{83CA2635-2D27-4C26-91FC-28B75D00CCE5}.Debug|Any CPU.ActiveCfg = Debug|Any CPU
		{83CA2635-2D27-4C26-91FC-28B75D00CCE5}.Debug|Any CPU.Build.0 = Debug|Any CPU
		{83CA2635-2D27-4C26-91FC-28B75D00CCE5}.Release|Any CPU.ActiveCfg = Release|Any CPU
		{83CA2635-2D27-4C26-91FC-28B75D00CCE5}.Release|Any CPU.Build.0 = Release|Any CPU
		{BAFA7C2B-D419-46BB-B65B-B34F394FC57A}.Debug|Any CPU.ActiveCfg = Debug|Any CPU
		{BAFA7C2B-D419-46BB-B65B-B34F394FC57A}.Debug|Any CPU.Build.0 = Debug|Any CPU
		{BAFA7C2B-D419-46BB-B65B-B34F394FC57A}.Release|Any CPU.ActiveCfg = Release|Any CPU
		{BAFA7C2B-D419-46BB-B65B-B34F394FC57A}.Release|Any CPU.Build.0 = Release|Any CPU
		{47C0458A-E3E3-4DA3-A065-80C248EE3032}.Debug|Any CPU.ActiveCfg = Debug|Any CPU
		{47C0458A-E3E3-4DA3-A065-80C248EE3032}.Debug|Any CPU.Build.0 = Debug|Any CPU
		{47C0458A-E3E3-4DA3-A065-80C248EE3032}.Release|Any CPU.ActiveCfg = Release|Any CPU
		{47C0458A-E3E3-4DA3-A065-80C248EE3032}.Release|Any CPU.Build.0 = Release|Any CPU
		{4A89FFB1-258A-4F21-A933-67E74D10B070}.Debug|Any CPU.ActiveCfg = Debug|Any CPU
		{4A89FFB1-258A-4F21-A933-67E74D10B070}.Debug|Any CPU.Build.0 = Debug|Any CPU
		{4A89FFB1-258A-4F21-A933-67E74D10B070}.Release|Any CPU.ActiveCfg = Release|Any CPU
		{4A89FFB1-258A-4F21-A933-67E74D10B070}.Release|Any CPU.Build.0 = Release|Any CPU
		{B4DAA0DC-14D7-4E8D-8B25-E1544F968491}.Debug|Any CPU.ActiveCfg = Debug|Any CPU
		{B4DAA0DC-14D7-4E8D-8B25-E1544F968491}.Debug|Any CPU.Build.0 = Debug|Any CPU
		{B4DAA0DC-14D7-4E8D-8B25-E1544F968491}.Release|Any CPU.ActiveCfg = Release|Any CPU
		{B4DAA0DC-14D7-4E8D-8B25-E1544F968491}.Release|Any CPU.Build.0 = Release|Any CPU
		{DDE47143-26DB-4DAC-B2E2-BD3FDE2B2A0E}.Debug|Any CPU.ActiveCfg = Debug|Any CPU
		{DDE47143-26DB-4DAC-B2E2-BD3FDE2B2A0E}.Debug|Any CPU.Build.0 = Debug|Any CPU
		{DDE47143-26DB-4DAC-B2E2-BD3FDE2B2A0E}.Release|Any CPU.ActiveCfg = Release|Any CPU
		{DDE47143-26DB-4DAC-B2E2-BD3FDE2B2A0E}.Release|Any CPU.Build.0 = Release|Any CPU
		{2E81E3E1-1959-4CEE-A1DB-9820A2F2F72D}.Debug|Any CPU.ActiveCfg = Debug|Any CPU
		{2E81E3E1-1959-4CEE-A1DB-9820A2F2F72D}.Debug|Any CPU.Build.0 = Debug|Any CPU
		{2E81E3E1-1959-4CEE-A1DB-9820A2F2F72D}.Release|Any CPU.ActiveCfg = Release|Any CPU
		{2E81E3E1-1959-4CEE-A1DB-9820A2F2F72D}.Release|Any CPU.Build.0 = Release|Any CPU
	EndGlobalSection
	GlobalSection(SolutionProperties) = preSolution
		HideSolutionNode = FALSE
	EndGlobalSection
	GlobalSection(ExtensibilityGlobals) = postSolution
		SolutionGuid = {32698A14-CE02-4E34-BC3B-B51E9BA05D31}
	EndGlobalSection
EndGlobal
